# THIS IS AN AUTOGENERATED FILE. DO NOT EDIT THIS FILE DIRECTLY.
# yarn lockfile v1


"@hotwired/stimulus@^3.0.0", "@hotwired/stimulus@^3.2.2", "@hotwired/stimulus@>= 3":
  version "3.2.2"
  resolved "https://registry.npmjs.org/@hotwired/stimulus/-/stimulus-3.2.2.tgz"
  integrity sha512-eGeIqNOQpXoPAIP7tC1+1Yc1yl1xnwYqg+3mzqxyrbE5pg5YFBZcA6YoTiByJB6DKAEsiWtl6tjTJS4IYtbB7A==

"@popperjs/core@^2.9.3":
  version "2.11.8"
  resolved "https://registry.npmjs.org/@popperjs/core/-/core-2.11.8.tgz"
  integrity sha512-P1st0aksCrn9sGZhp8GMYwBnQsbvAWsZAX44oXNNvLHGqAOcoVxmjZiohstwQ7SqKnbR47akdNi+uleWD8+g6A==

"@stimulus-components/notification@^3.0.0":
  version "3.0.0"
  resolved "https://registry.npmjs.org/@stimulus-components/notification/-/notification-3.0.0.tgz"
  integrity sha512-oZrIAcEayLNIhcetMJSLP6S9ryWjiFWBI5JKm639UuRsfSRyxiaHMddb3Xch/Umq6K24h/t2l1zVxxOm/UnMOA==
  dependencies:
    stimulus-use "^0.52.2"

flowbite@^2.3.0:
  version "2.3.0"
  resolved "https://registry.npmjs.org/flowbite/-/flowbite-2.3.0.tgz"
  integrity sha512-pm3JRo8OIJHGfFYWgaGpPv8E+UdWy0Z3gEAGufw+G/1dusaU/P1zoBLiQpf2/+bYAi+GBQtPVG86KYlV0W+AFQ==
  dependencies:
    "@popperjs/core" "^2.9.3"
    mini-svg-data-uri "^1.4.3"

"hotkeys-js@>= 3":
  version "3.13.7"
  resolved "https://registry.npmjs.org/hotkeys-js/-/hotkeys-js-3.13.7.tgz"
  integrity sha512-ygFIdTqqwG4fFP7kkiYlvayZppeIQX2aPpirsngkv1xM1lP0piDY5QEh68nQnIKvz64hfocxhBaD/uK3sSK1yQ==

mini-svg-data-uri@^1.4.3:
  version "1.4.4"
  resolved "https://registry.npmjs.org/mini-svg-data-uri/-/mini-svg-data-uri-1.4.4.tgz"
  integrity sha512-r9deDe9p5FJUPZAk3A59wGH7Ii9YrjjWw0jmw/liSbHl2CHiyXj6FcDXDu2K3TjVAXqiJdaw3xxwlZZr9E6nHg==

stimulus-use@^0.52.2:
  version "0.52.2"
  resolved "https://registry.npmjs.org/stimulus-use/-/stimulus-use-0.52.2.tgz"
  integrity sha512-413+tIw9n6Jnb0OFiQE1i3aP01i0hhGgAnPp1P6cNuBbhhqG2IOp8t1O/4s5Tw2lTvSYrFeLNdaY8sYlDaULeg==
